// !$*UTF8*$!
{
	archiveVersion = 1;
	classes = {
	};
	objectVersion = 46;
	objects = {

/* Begin PBXBuildFile section */
		5218E3121B7A69A300D35A15 /* GoogleService-Info.plist in Resources */ = {isa = PBXBuildFile; fileRef = 5218E3111B7A69A300D35A15 /* GoogleService-Info.plist */; };
		5237850E1B754CD800BBED5A /* UMPAnnotation.m in Sources */ = {isa = PBXBuildFile; fileRef = 5237850D1B754CD800BBED5A /* UMPAnnotation.m */; };
		5252DB261B6D847600262619 /* main.m in Sources */ = {isa = PBXBuildFile; fileRef = 5252DB251B6D847600262619 /* main.m */; };
		5252DB291B6D847600262619 /* AppDelegate.m in Sources */ = {isa = PBXBuildFile; fileRef = 5252DB281B6D847600262619 /* AppDelegate.m */; };
		5252DB2C1B6D847600262619 /* LaunchViewController.m in Sources */ = {isa = PBXBuildFile; fileRef = 5252DB2B1B6D847600262619 /* LaunchViewController.m */; };
		5252DB2F1B6D847600262619 /* Main.storyboard in Resources */ = {isa = PBXBuildFile; fileRef = 5252DB2D1B6D847600262619 /* Main.storyboard */; };
		5252DB311B6D847600262619 /* Images.xcassets in Resources */ = {isa = PBXBuildFile; fileRef = 5252DB301B6D847600262619 /* Images.xcassets */; };
		5252DB341B6D847600262619 /* LaunchScreen.xib in Resources */ = {isa = PBXBuildFile; fileRef = 5252DB321B6D847600262619 /* LaunchScreen.xib */; };
		5252DB4A1B6D84CD00262619 /* logo_background.png in Resources */ = {isa = PBXBuildFile; fileRef = 5252DB491B6D84CD00262619 /* logo_background.png */; };
		5252DB4D1B6EC80300262619 /* LocationsViewController.m in Sources */ = {isa = PBXBuildFile; fileRef = 5252DB4C1B6EC80300262619 /* LocationsViewController.m */; };
		5252DB511B6ED4ED00262619 /* UMPLocation.m in Sources */ = {isa = PBXBuildFile; fileRef = 5252DB501B6ED4ED00262619 /* UMPLocation.m */; };
		5252DB541B6ED6EF00262619 /* UMPDataSource.m in Sources */ = {isa = PBXBuildFile; fileRef = 5252DB531B6ED6EF00262619 /* UMPDataSource.m */; };
		5252DB571B6ED91200262619 /* UMPCampus.m in Sources */ = {isa = PBXBuildFile; fileRef = 5252DB561B6ED91200262619 /* UMPCampus.m */; };
		52670BDE1B7554450015BF20 /* orange-map-marker.png in Resources */ = {isa = PBXBuildFile; fileRef = 52670BDD1B7554450015BF20 /* orange-map-marker.png */; };
		52670BFF1B771E6E0015BF20 /* checkbox_empty.png in Resources */ = {isa = PBXBuildFile; fileRef = 52670BFD1B771E6E0015BF20 /* checkbox_empty.png */; };
		52670C021B771F530015BF20 /* checkbox_checked.png in Resources */ = {isa = PBXBuildFile; fileRef = 52670C011B771F530015BF20 /* checkbox_checked.png */; };
		52670C051B7746CA0015BF20 /* InformationViewController.m in Sources */ = {isa = PBXBuildFile; fileRef = 52670C041B7746CA0015BF20 /* InformationViewController.m */; };
		52670C071B7748D90015BF20 /* MessageUI.framework in Frameworks */ = {isa = PBXBuildFile; fileRef = 52670C061B7748D90015BF20 /* MessageUI.framework */; };
		528C89801B6EED630072BFF8 /* app-settings.plist in Resources */ = {isa = PBXBuildFile; fileRef = 528C897F1B6EED630072BFF8 /* app-settings.plist */; };
		528C89831B70071C0072BFF8 /* MapViewController.m in Sources */ = {isa = PBXBuildFile; fileRef = 528C89821B70071C0072BFF8 /* MapViewController.m */; };
		528C89851B7010DA0072BFF8 /* MapKit.framework in Frameworks */ = {isa = PBXBuildFile; fileRef = 528C89841B7010DA0072BFF8 /* MapKit.framework */; };
		529C49181B70722F00295EB0 /* CoreLocation.framework in Frameworks */ = {isa = PBXBuildFile; fileRef = 529C49171B70722F00295EB0 /* CoreLocation.framework */; };
		529C49261B746E5400295EB0 /* Reachability.m in Sources */ = {isa = PBXBuildFile; fileRef = 529C49251B746E5400295EB0 /* Reachability.m */; };
		C629B0FE1CE988EE3ABC5CAA /* libPods.a in Frameworks */ = {isa = PBXBuildFile; fileRef = A678F81E3D5577EB8F9ECF95 /* libPods.a */; };
/* End PBXBuildFile section */

/* Begin PBXFileReference section */
		5218E3111B7A69A300D35A15 /* GoogleService-Info.plist */ = {isa = PBXFileReference; fileEncoding = 4; lastKnownFileType = text.plist.xml; path = "GoogleService-Info.plist"; sourceTree = "<group>"; };
		5237850C1B754CD800BBED5A /* UMPAnnotation.h */ = {isa = PBXFileReference; fileEncoding = 4; lastKnownFileType = sourcecode.c.h; path = UMPAnnotation.h; sourceTree = "<group>"; };
		5237850D1B754CD800BBED5A /* UMPAnnotation.m */ = {isa = PBXFileReference; fileEncoding = 4; lastKnownFileType = sourcecode.c.objc; path = UMPAnnotation.m; sourceTree = "<group>"; };
		5252DB201B6D847600262619 /* IU Map.app */ = {isa = PBXFileReference; explicitFileType = wrapper.application; includeInIndex = 0; path = "IU Map.app"; sourceTree = BUILT_PRODUCTS_DIR; };
		5252DB241B6D847600262619 /* Info.plist */ = {isa = PBXFileReference; lastKnownFileType = text.plist.xml; path = Info.plist; sourceTree = "<group>"; };
		5252DB251B6D847600262619 /* main.m */ = {isa = PBXFileReference; lastKnownFileType = sourcecode.c.objc; path = main.m; sourceTree = "<group>"; };
		5252DB271B6D847600262619 /* AppDelegate.h */ = {isa = PBXFileReference; lastKnownFileType = sourcecode.c.h; path = AppDelegate.h; sourceTree = "<group>"; };
		5252DB281B6D847600262619 /* AppDelegate.m */ = {isa = PBXFileReference; lastKnownFileType = sourcecode.c.objc; path = AppDelegate.m; sourceTree = "<group>"; };
		5252DB2A1B6D847600262619 /* LaunchViewController.h */ = {isa = PBXFileReference; lastKnownFileType = sourcecode.c.h; path = LaunchViewController.h; sourceTree = "<group>"; };
		5252DB2B1B6D847600262619 /* LaunchViewController.m */ = {isa = PBXFileReference; lastKnownFileType = sourcecode.c.objc; path = LaunchViewController.m; sourceTree = "<group>"; };
		5252DB2E1B6D847600262619 /* Base */ = {isa = PBXFileReference; lastKnownFileType = file.storyboard; name = Base; path = Base.lproj/Main.storyboard; sourceTree = "<group>"; };
		5252DB301B6D847600262619 /* Images.xcassets */ = {isa = PBXFileReference; lastKnownFileType = folder.assetcatalog; path = Images.xcassets; sourceTree = "<group>"; };
		5252DB331B6D847600262619 /* Base */ = {isa = PBXFileReference; lastKnownFileType = file.xib; name = Base; path = Base.lproj/LaunchScreen.xib; sourceTree = "<group>"; };
		5252DB491B6D84CD00262619 /* logo_background.png */ = {isa = PBXFileReference; lastKnownFileType = image.png; path = logo_background.png; sourceTree = "<group>"; };
		5252DB4B1B6EC80300262619 /* LocationsViewController.h */ = {isa = PBXFileReference; fileEncoding = 4; lastKnownFileType = sourcecode.c.h; path = LocationsViewController.h; sourceTree = "<group>"; };
		5252DB4C1B6EC80300262619 /* LocationsViewController.m */ = {isa = PBXFileReference; fileEncoding = 4; lastKnownFileType = sourcecode.c.objc; path = LocationsViewController.m; sourceTree = "<group>"; };
		5252DB4F1B6ED4ED00262619 /* UMPLocation.h */ = {isa = PBXFileReference; fileEncoding = 4; lastKnownFileType = sourcecode.c.h; path = UMPLocation.h; sourceTree = "<group>"; };
		5252DB501B6ED4ED00262619 /* UMPLocation.m */ = {isa = PBXFileReference; fileEncoding = 4; lastKnownFileType = sourcecode.c.objc; path = UMPLocation.m; sourceTree = "<group>"; };
		5252DB521B6ED6EF00262619 /* UMPDataSource.h */ = {isa = PBXFileReference; fileEncoding = 4; lastKnownFileType = sourcecode.c.h; path = UMPDataSource.h; sourceTree = "<group>"; };
		5252DB531B6ED6EF00262619 /* UMPDataSource.m */ = {isa = PBXFileReference; fileEncoding = 4; lastKnownFileType = sourcecode.c.objc; path = UMPDataSource.m; sourceTree = "<group>"; };
		5252DB551B6ED91200262619 /* UMPCampus.h */ = {isa = PBXFileReference; fileEncoding = 4; lastKnownFileType = sourcecode.c.h; path = UMPCampus.h; sourceTree = "<group>"; };
		5252DB561B6ED91200262619 /* UMPCampus.m */ = {isa = PBXFileReference; fileEncoding = 4; lastKnownFileType = sourcecode.c.objc; path = UMPCampus.m; sourceTree = "<group>"; };
		52670BDD1B7554450015BF20 /* orange-map-marker.png */ = {isa = PBXFileReference; lastKnownFileType = image.png; path = "orange-map-marker.png"; sourceTree = "<group>"; };
		52670BFD1B771E6E0015BF20 /* checkbox_empty.png */ = {isa = PBXFileReference; lastKnownFileType = image.png; path = checkbox_empty.png; sourceTree = "<group>"; };
		52670C011B771F530015BF20 /* checkbox_checked.png */ = {isa = PBXFileReference; lastKnownFileType = image.png; path = checkbox_checked.png; sourceTree = "<group>"; };
		52670C031B7746CA0015BF20 /* InformationViewController.h */ = {isa = PBXFileReference; fileEncoding = 4; lastKnownFileType = sourcecode.c.h; path = InformationViewController.h; sourceTree = "<group>"; };
		52670C041B7746CA0015BF20 /* InformationViewController.m */ = {isa = PBXFileReference; fileEncoding = 4; lastKnownFileType = sourcecode.c.objc; path = InformationViewController.m; sourceTree = "<group>"; };
		52670C061B7748D90015BF20 /* MessageUI.framework */ = {isa = PBXFileReference; lastKnownFileType = wrapper.framework; name = MessageUI.framework; path = System/Library/Frameworks/MessageUI.framework; sourceTree = SDKROOT; };
		528C897F1B6EED630072BFF8 /* app-settings.plist */ = {isa = PBXFileReference; fileEncoding = 4; lastKnownFileType = text.plist.xml; path = "app-settings.plist"; sourceTree = "<group>"; };
		528C89811B70071C0072BFF8 /* MapViewController.h */ = {isa = PBXFileReference; fileEncoding = 4; lastKnownFileType = sourcecode.c.h; path = MapViewController.h; sourceTree = "<group>"; };
		528C89821B70071C0072BFF8 /* MapViewController.m */ = {isa = PBXFileReference; fileEncoding = 4; lastKnownFileType = sourcecode.c.objc; path = MapViewController.m; sourceTree = "<group>"; };
		528C89841B7010DA0072BFF8 /* MapKit.framework */ = {isa = PBXFileReference; lastKnownFileType = wrapper.framework; name = MapKit.framework; path = System/Library/Frameworks/MapKit.framework; sourceTree = SDKROOT; };
		529C49171B70722F00295EB0 /* CoreLocation.framework */ = {isa = PBXFileReference; lastKnownFileType = wrapper.framework; name = CoreLocation.framework; path = System/Library/Frameworks/CoreLocation.framework; sourceTree = SDKROOT; };
		529C49241B746E5400295EB0 /* Reachability.h */ = {isa = PBXFileReference; fileEncoding = 4; lastKnownFileType = sourcecode.c.h; path = Reachability.h; sourceTree = "<group>"; };
		529C49251B746E5400295EB0 /* Reachability.m */ = {isa = PBXFileReference; fileEncoding = 4; lastKnownFileType = sourcecode.c.objc; path = Reachability.m; sourceTree = "<group>"; };
		633C4458C20F54C948CC27E7 /* Pods.debug.xcconfig */ = {isa = PBXFileReference; includeInIndex = 1; lastKnownFileType = text.xcconfig; name = Pods.debug.xcconfig; path = "Pods/Target Support Files/Pods/Pods.debug.xcconfig"; sourceTree = "<group>"; };
		A678F81E3D5577EB8F9ECF95 /* libPods.a */ = {isa = PBXFileReference; explicitFileType = archive.ar; includeInIndex = 0; path = libPods.a; sourceTree = BUILT_PRODUCTS_DIR; };
		CFBA829F7979E2C03516AFB7 /* Pods.release.xcconfig */ = {isa = PBXFileReference; includeInIndex = 1; lastKnownFileType = text.xcconfig; name = Pods.release.xcconfig; path = "Pods/Target Support Files/Pods/Pods.release.xcconfig"; sourceTree = "<group>"; };
/* End PBXFileReference section */

/* Begin PBXFrameworksBuildPhase section */
		5252DB1D1B6D847600262619 /* Frameworks */ = {
			isa = PBXFrameworksBuildPhase;
			buildActionMask = 2147483647;
			files = (
				52670C071B7748D90015BF20 /* MessageUI.framework in Frameworks */,
				529C49181B70722F00295EB0 /* CoreLocation.framework in Frameworks */,
				528C89851B7010DA0072BFF8 /* MapKit.framework in Frameworks */,
				C629B0FE1CE988EE3ABC5CAA /* libPods.a in Frameworks */,
			);
			runOnlyForDeploymentPostprocessing = 0;
		};
/* End PBXFrameworksBuildPhase section */

/* Begin PBXGroup section */
		424F99EA0C943528483B2B51 /* Frameworks */ = {
			isa = PBXGroup;
			children = (
				52670C061B7748D90015BF20 /* MessageUI.framework */,
				529C49171B70722F00295EB0 /* CoreLocation.framework */,
				528C89841B7010DA0072BFF8 /* MapKit.framework */,
				A678F81E3D5577EB8F9ECF95 /* libPods.a */,
			);
			name = Frameworks;
			sourceTree = "<group>";
		};
		5237850B1B754CA600BBED5A /* Map Annotation */ = {
			isa = PBXGroup;
			children = (
				5237850C1B754CD800BBED5A /* UMPAnnotation.h */,
				5237850D1B754CD800BBED5A /* UMPAnnotation.m */,
			);
			name = "Map Annotation";
			sourceTree = "<group>";
		};
		5252DB171B6D847600262619 = {
			isa = PBXGroup;
			children = (
				5252DB221B6D847600262619 /* University Map App */,
				5252DB211B6D847600262619 /* Products */,
				424F99EA0C943528483B2B51 /* Frameworks */,
				7FED3C3F7C1E415969DF54EA /* Pods */,
			);
			sourceTree = "<group>";
		};
		5252DB211B6D847600262619 /* Products */ = {
			isa = PBXGroup;
			children = (
				5252DB201B6D847600262619 /* IU Map.app */,
			);
			name = Products;
			sourceTree = "<group>";
		};
		5252DB221B6D847600262619 /* University Map App */ = {
			isa = PBXGroup;
			children = (
				5252DB4E1B6ED4D400262619 /* Model */,
				529C49231B746E4100295EB0 /* Reachability */,
				5237850B1B754CA600BBED5A /* Map Annotation */,
				5252DB271B6D847600262619 /* AppDelegate.h */,
				5252DB281B6D847600262619 /* AppDelegate.m */,
				5252DB2A1B6D847600262619 /* LaunchViewController.h */,
				5252DB2B1B6D847600262619 /* LaunchViewController.m */,
				5252DB4B1B6EC80300262619 /* LocationsViewController.h */,
				5252DB4C1B6EC80300262619 /* LocationsViewController.m */,
				52670C031B7746CA0015BF20 /* InformationViewController.h */,
				52670C041B7746CA0015BF20 /* InformationViewController.m */,
				528C89811B70071C0072BFF8 /* MapViewController.h */,
				528C89821B70071C0072BFF8 /* MapViewController.m */,
				5252DB2D1B6D847600262619 /* Main.storyboard */,
				5252DB301B6D847600262619 /* Images.xcassets */,
				5252DB491B6D84CD00262619 /* logo_background.png */,
				52670BFD1B771E6E0015BF20 /* checkbox_empty.png */,
				52670C011B771F530015BF20 /* checkbox_checked.png */,
				52670BDD1B7554450015BF20 /* orange-map-marker.png */,
				5252DB321B6D847600262619 /* LaunchScreen.xib */,
				5252DB231B6D847600262619 /* Supporting Files */,
			);
			name = "University Map App";
			path = "UCD Map v2";
			sourceTree = "<group>";
		};
		5252DB231B6D847600262619 /* Supporting Files */ = {
			isa = PBXGroup;
			children = (
				5218E3111B7A69A300D35A15 /* GoogleService-Info.plist */,
				5252DB241B6D847600262619 /* Info.plist */,
				528C897F1B6EED630072BFF8 /* app-settings.plist */,
				5252DB251B6D847600262619 /* main.m */,
			);
			name = "Supporting Files";
			sourceTree = "<group>";
		};
		5252DB4E1B6ED4D400262619 /* Model */ = {
			isa = PBXGroup;
			children = (
				5252DB551B6ED91200262619 /* UMPCampus.h */,
				5252DB561B6ED91200262619 /* UMPCampus.m */,
				5252DB4F1B6ED4ED00262619 /* UMPLocation.h */,
				5252DB501B6ED4ED00262619 /* UMPLocation.m */,
				5252DB521B6ED6EF00262619 /* UMPDataSource.h */,
				5252DB531B6ED6EF00262619 /* UMPDataSource.m */,
			);
			name = Model;
			sourceTree = "<group>";
		};
		529C49231B746E4100295EB0 /* Reachability */ = {
			isa = PBXGroup;
			children = (
				529C49241B746E5400295EB0 /* Reachability.h */,
				529C49251B746E5400295EB0 /* Reachability.m */,
			);
			name = Reachability;
			sourceTree = "<group>";
		};
		7FED3C3F7C1E415969DF54EA /* Pods */ = {
			isa = PBXGroup;
			children = (
				633C4458C20F54C948CC27E7 /* Pods.debug.xcconfig */,
				CFBA829F7979E2C03516AFB7 /* Pods.release.xcconfig */,
			);
			name = Pods;
			sourceTree = "<group>";
		};
/* End PBXGroup section */

/* Begin PBXNativeTarget section */
		5252DB1F1B6D847600262619 /* IU Map */ = {
			isa = PBXNativeTarget;
			buildConfigurationList = 5252DB431B6D847600262619 /* Build configuration list for PBXNativeTarget "IU Map" */;
			buildPhases = (
				C0C3E04F80D2CE01948D2441 /* Check Pods Manifest.lock */,
				5252DB1C1B6D847600262619 /* Sources */,
				5252DB1D1B6D847600262619 /* Frameworks */,
				5252DB1E1B6D847600262619 /* Resources */,
				F76EE32DB53A62A56B4DDC8A /* Copy Pods Resources */,
			);
			buildRules = (
			);
			dependencies = (
			);
			name = "IU Map";
			productName = "UCD Map v2";
			productReference = 5252DB201B6D847600262619 /* IU Map.app */;
			productType = "com.apple.product-type.application";
		};
/* End PBXNativeTarget section */

/* Begin PBXProject section */
		5252DB181B6D847600262619 /* Project object */ = {
			isa = PBXProject;
			attributes = {
				LastUpgradeCheck = 0640;
				ORGANIZATIONNAME = "Logical Dimension";
				TargetAttributes = {
					5252DB1F1B6D847600262619 = {
						CreatedOnToolsVersion = 6.4;
					};
				};
			};
			buildConfigurationList = 5252DB1B1B6D847600262619 /* Build configuration list for PBXProject "IU Map" */;
			compatibilityVersion = "Xcode 3.2";
			developmentRegion = English;
			hasScannedForEncodings = 0;
			knownRegions = (
				en,
				Base,
			);
			mainGroup = 5252DB171B6D847600262619;
			productRefGroup = 5252DB211B6D847600262619 /* Products */;
			projectDirPath = "";
			projectRoot = "";
			targets = (
				5252DB1F1B6D847600262619 /* IU Map */,
			);
		};
/* End PBXProject section */

/* Begin PBXResourcesBuildPhase section */
		5252DB1E1B6D847600262619 /* Resources */ = {
			isa = PBXResourcesBuildPhase;
			buildActionMask = 2147483647;
			files = (
				5252DB2F1B6D847600262619 /* Main.storyboard in Resources */,
				5252DB341B6D847600262619 /* LaunchScreen.xib in Resources */,
				5252DB4A1B6D84CD00262619 /* logo_background.png in Resources */,
				52670BDE1B7554450015BF20 /* orange-map-marker.png in Resources */,
				5218E3121B7A69A300D35A15 /* GoogleService-Info.plist in Resources */,
				52670C021B771F530015BF20 /* checkbox_checked.png in Resources */,
				52670BFF1B771E6E0015BF20 /* checkbox_empty.png in Resources */,
				5252DB311B6D847600262619 /* Images.xcassets in Resources */,
				528C89801B6EED630072BFF8 /* app-settings.plist in Resources */,
			);
			runOnlyForDeploymentPostprocessing = 0;
		};
/* End PBXResourcesBuildPhase section */

/* Begin PBXShellScriptBuildPhase section */
		C0C3E04F80D2CE01948D2441 /* Check Pods Manifest.lock */ = {
			isa = PBXShellScriptBuildPhase;
			buildActionMask = 2147483647;
			files = (
			);
			inputPaths = (
			);
			name = "Check Pods Manifest.lock";
			outputPaths = (
			);
			runOnlyForDeploymentPostprocessing = 0;
			shellPath = /bin/sh;
			shellScript = "diff \"${PODS_ROOT}/../Podfile.lock\" \"${PODS_ROOT}/Manifest.lock\" > /dev/null\nif [[ $? != 0 ]] ; then\n    cat << EOM\nerror: The sandbox is not in sync with the Podfile.lock. Run 'pod install' or update your CocoaPods installation.\nEOM\n    exit 1\nfi\n";
			showEnvVarsInLog = 0;
		};
		F76EE32DB53A62A56B4DDC8A /* Copy Pods Resources */ = {
			isa = PBXShellScriptBuildPhase;
			buildActionMask = 2147483647;
			files = (
			);
			inputPaths = (
			);
			name = "Copy Pods Resources";
			outputPaths = (
			);
			runOnlyForDeploymentPostprocessing = 0;
			shellPath = /bin/sh;
			shellScript = "\"${SRCROOT}/Pods/Target Support Files/Pods/Pods-resources.sh\"\n";
			showEnvVarsInLog = 0;
		};
/* End PBXShellScriptBuildPhase section */

/* Begin PBXSourcesBuildPhase section */
		5252DB1C1B6D847600262619 /* Sources */ = {
			isa = PBXSourcesBuildPhase;
			buildActionMask = 2147483647;
			files = (
				52670C051B7746CA0015BF20 /* InformationViewController.m in Sources */,
				5252DB2C1B6D847600262619 /* LaunchViewController.m in Sources */,
				5252DB541B6ED6EF00262619 /* UMPDataSource.m in Sources */,
				5252DB291B6D847600262619 /* AppDelegate.m in Sources */,
				528C89831B70071C0072BFF8 /* MapViewController.m in Sources */,
				5252DB571B6ED91200262619 /* UMPCampus.m in Sources */,
				5237850E1B754CD800BBED5A /* UMPAnnotation.m in Sources */,
				5252DB511B6ED4ED00262619 /* UMPLocation.m in Sources */,
				5252DB261B6D847600262619 /* main.m in Sources */,
				529C49261B746E5400295EB0 /* Reachability.m in Sources */,
				5252DB4D1B6EC80300262619 /* LocationsViewController.m in Sources */,
			);
			runOnlyForDeploymentPostprocessing = 0;
		};
/* End PBXSourcesBuildPhase section */

/* Begin PBXVariantGroup section */
		5252DB2D1B6D847600262619 /* Main.storyboard */ = {
			isa = PBXVariantGroup;
			children = (
				5252DB2E1B6D847600262619 /* Base */,
			);
			name = Main.storyboard;
			sourceTree = "<group>";
		};
		5252DB321B6D847600262619 /* LaunchScreen.xib */ = {
			isa = PBXVariantGroup;
			children = (
				5252DB331B6D847600262619 /* Base */,
			);
			name = LaunchScreen.xib;
			sourceTree = "<group>";
		};
/* End PBXVariantGroup section */

/* Begin XCBuildConfiguration section */
		5252DB411B6D847600262619 /* Debug */ = {
			isa = XCBuildConfiguration;
			buildSettings = {
				ALWAYS_SEARCH_USER_PATHS = NO;
				CLANG_CXX_LANGUAGE_STANDARD = "gnu++0x";
				CLANG_CXX_LIBRARY = "libc++";
				CLANG_ENABLE_MODULES = YES;
				CLANG_ENABLE_OBJC_ARC = YES;
				CLANG_WARN_BOOL_CONVERSION = YES;
				CLANG_WARN_CONSTANT_CONVERSION = YES;
				CLANG_WARN_DIRECT_OBJC_ISA_USAGE = YES_ERROR;
				CLANG_WARN_EMPTY_BODY = YES;
				CLANG_WARN_ENUM_CONVERSION = YES;
				CLANG_WARN_INT_CONVERSION = YES;
				CLANG_WARN_OBJC_ROOT_CLASS = YES_ERROR;
				CLANG_WARN_UNREACHABLE_CODE = YES;
				CLANG_WARN__DUPLICATE_METHOD_MATCH = YES;
				"CODE_SIGN_IDENTITY[sdk=iphoneos*]" = "iPhone Developer";
				COPY_PHASE_STRIP = NO;
				DEBUG_INFORMATION_FORMAT = "dwarf-with-dsym";
				ENABLE_STRICT_OBJC_MSGSEND = YES;
				GCC_C_LANGUAGE_STANDARD = gnu99;
				GCC_DYNAMIC_NO_PIC = NO;
				GCC_NO_COMMON_BLOCKS = YES;
				GCC_OPTIMIZATION_LEVEL = 0;
				GCC_PREPROCESSOR_DEFINITIONS = (
					"DEBUG=1",
					"$(inherited)",
				);
				GCC_SYMBOLS_PRIVATE_EXTERN = NO;
				GCC_WARN_64_TO_32_BIT_CONVERSION = YES;
				GCC_WARN_ABOUT_RETURN_TYPE = YES_ERROR;
				GCC_WARN_UNDECLARED_SELECTOR = YES;
				GCC_WARN_UNINITIALIZED_AUTOS = YES_AGGRESSIVE;
				GCC_WARN_UNUSED_FUNCTION = YES;
				GCC_WARN_UNUSED_VARIABLE = YES;
				IPHONEOS_DEPLOYMENT_TARGET = 8.4;
				MTL_ENABLE_DEBUG_INFO = YES;
				ONLY_ACTIVE_ARCH = YES;
				SDKROOT = iphoneos;
				TARGETED_DEVICE_FAMILY = "1,2";
			};
			name = Debug;
		};
		5252DB421B6D847600262619 /* Release */ = {
			isa = XCBuildConfiguration;
			buildSettings = {
				ALWAYS_SEARCH_USER_PATHS = NO;
				CLANG_CXX_LANGUAGE_STANDARD = "gnu++0x";
				CLANG_CXX_LIBRARY = "libc++";
				CLANG_ENABLE_MODULES = YES;
				CLANG_ENABLE_OBJC_ARC = YES;
				CLANG_WARN_BOOL_CONVERSION = YES;
				CLANG_WARN_CONSTANT_CONVERSION = YES;
				CLANG_WARN_DIRECT_OBJC_ISA_USAGE = YES_ERROR;
				CLANG_WARN_EMPTY_BODY = YES;
				CLANG_WARN_ENUM_CONVERSION = YES;
				CLANG_WARN_INT_CONVERSION = YES;
				CLANG_WARN_OBJC_ROOT_CLASS = YES_ERROR;
				CLANG_WARN_UNREACHABLE_CODE = YES;
				CLANG_WARN__DUPLICATE_METHOD_MATCH = YES;
				"CODE_SIGN_IDENTITY[sdk=iphoneos*]" = "iPhone Developer";
				COPY_PHASE_STRIP = NO;
				DEBUG_INFORMATION_FORMAT = "dwarf-with-dsym";
				ENABLE_NS_ASSERTIONS = NO;
				ENABLE_STRICT_OBJC_MSGSEND = YES;
				GCC_C_LANGUAGE_STANDARD = gnu99;
				GCC_NO_COMMON_BLOCKS = YES;
				GCC_WARN_64_TO_32_BIT_CONVERSION = YES;
				GCC_WARN_ABOUT_RETURN_TYPE = YES_ERROR;
				GCC_WARN_UNDECLARED_SELECTOR = YES;
				GCC_WARN_UNINITIALIZED_AUTOS = YES_AGGRESSIVE;
				GCC_WARN_UNUSED_FUNCTION = YES;
				GCC_WARN_UNUSED_VARIABLE = YES;
				IPHONEOS_DEPLOYMENT_TARGET = 8.4;
				MTL_ENABLE_DEBUG_INFO = NO;
				SDKROOT = iphoneos;
				TARGETED_DEVICE_FAMILY = "1,2";
				VALIDATE_PRODUCT = YES;
			};
			name = Release;
		};
		5252DB441B6D847600262619 /* Debug */ = {
			isa = XCBuildConfiguration;
			baseConfigurationReference = 633C4458C20F54C948CC27E7 /* Pods.debug.xcconfig */;
			buildSettings = {
				ASSETCATALOG_COMPILER_APPICON_NAME = AppIcon;
				INFOPLIST_FILE = "UCD Map v2/Info.plist";
				IPHONEOS_DEPLOYMENT_TARGET = 8.0;
				LD_RUNPATH_SEARCH_PATHS = "$(inherited) @executable_path/Frameworks";
				PRODUCT_NAME = "IU Map";
				TARGETED_DEVICE_FAMILY = 1;
			};
			name = Debug;
		};
		5252DB451B6D847600262619 /* Release */ = {
			isa = XCBuildConfiguration;
			baseConfigurationReference = CFBA829F7979E2C03516AFB7 /* Pods.release.xcconfig */;
			buildSettings = {
				ASSETCATALOG_COMPILER_APPICON_NAME = AppIcon;
				INFOPLIST_FILE = "UCD Map v2/Info.plist";
				IPHONEOS_DEPLOYMENT_TARGET = 8.0;
				LD_RUNPATH_SEARCH_PATHS = "$(inherited) @executable_path/Frameworks";
				PRODUCT_NAME = "IU Map";
				TARGETED_DEVICE_FAMILY = 1;
			};
			name = Release;
		};
/* End XCBuildConfiguration section */

/* Begin XCConfigurationList section */
		5252DB1B1B6D847600262619 /* Build configuration list for PBXProject "IU Map" */ = {
			isa = XCConfigurationList;
			buildConfigurations = (
				5252DB411B6D847600262619 /* Debug */,
				5252DB421B6D847600262619 /* Release */,
			);
			defaultConfigurationIsVisible = 0;
			defaultConfigurationName = Release;
		};
		5252DB431B6D847600262619 /* Build configuration list for PBXNativeTarget "IU Map" */ = {
			isa = XCConfigurationList;
			buildConfigurations = (
				5252DB441B6D847600262619 /* Debug */,
				5252DB451B6D847600262619 /* Release */,
			);
			defaultConfigurationIsVisible = 0;
			defaultConfigurationName = Release;
		};
/* End XCConfigurationList section */
	};
	rootObject = 5252DB181B6D847600262619 /* Project object */;
}
